
Microsoft Visual Studio Solution File, Format Version 12.00
# Visual Studio Version 17
VisualStudioVersion = 17.7.34221.43
MinimumVisualStudioVersion = 10.0.40219.1
Project("{FAE04EC0-301F-11D3-BF4B-00C04F79EFBC}") = "LearningWebApi", "LearningWebApi\LearningWebApi.csproj", "{B1C696A2-36B5-4E1A-A529-C3D5037BEE43}"
EndProject
Global
	GlobalSection(SolutionConfigurationPlatforms) = preSolution
		Debug|Any CPU = Debug|Any CPU
		Release|Any CPU = Release|Any CPU
	EndGlobalSection
	GlobalSection(ProjectConfigurationPlatforms) = postSolution
		{B1C696A2-36B5-4E1A-A529-C3D5037BEE43}.Debug|Any CPU.ActiveCfg = Debug|Any CPU
		{B1C696A2-36B5-4E1A-A529-C3D5037BEE43}.Debug|Any CPU.Build.0 = Debug|Any CPU
		{B1C696A2-36B5-4E1A-A529-C3D5037BEE43}.Release|Any CPU.ActiveCfg = Release|Any CPU
		{B1C696A2-36B5-4E1A-A529-C3D5037BEE43}.Release|Any CPU.Build.0 = Release|Any CPU
	EndGlobalSection
	GlobalSection(SolutionProperties) = preSolution
		HideSolutionNode = FALSE
	EndGlobalSection
	GlobalSection(ExtensibilityGlobals) = postSolution
		SolutionGuid = {F1D4B16D-7426-4486-95BA-D6BC504CBA12}
	EndGlobalSection
EndGlobal
